# This file is generated by running "yarn install" inside your project.
# Manual changes might be lost - proceed with caution!

__metadata:
  version: 6
  cacheKey: 8

"@mirohq/miro-api@npm:^1.0.2":
  version: 1.0.2
  resolution: "@mirohq/miro-api@npm:1.0.2"
  dependencies:
    form-data: ^4.0.0
    node-fetch: ^2.6.7
  checksum: 2130e476677959a0e0aabcee331d02d84932bd54d0478bfbf645b26a3ac6191673e74c8e1e94898de17f58e6966ebaa1634887e1a3256a4b75dd4a3c2f88da41
  languageName: node
  linkType: hard

"@mirohq/websdk-types@npm:latest":
  version: 2.6.0
  resolution: "@mirohq/websdk-types@npm:2.6.0"
  dependencies:
    typescript: 4.6.3
  peerDependencies:
    "@mirohq/prettier-config": "*"
    "@typescript-eslint/eslint-plugin": "*"
    "@typescript-eslint/parser": "*"
    eslint: "*"
    eslint-config-airbnb-typescript: "*"
    eslint-config-prettier: "*"
    eslint-plugin-import: "*"
    eslint-plugin-prettier: "*"
    husky: "*"
    lint-staged: "*"
    prettier: "*"
  peerDependenciesMeta:
    "@mirohq/prettier-config":
      optional: true
    "@typescript-eslint/eslint-plugin":
      optional: true
    "@typescript-eslint/parser":
      optional: true
    eslint:
      optional: true
    eslint-config-airbnb-typescript:
      optional: true
    eslint-config-prettier:
      optional: true
    eslint-plugin-import:
      optional: true
    eslint-plugin-prettier:
      optional: true
    husky:
      optional: true
    lint-staged:
      optional: true
    prettier:
      optional: true
  checksum: 974ed95e1e385fdd4f48f611aed7d7ebbbf9c5ce704a982a07bce4d78c6e293223cb53ad21a3879eb3fbca2abffe4e229962b2025666d622cb930e2802c9a63f
  languageName: node
  linkType: hard

"@next/env@npm:13.1.2":
  version: 13.1.2
  resolution: "@next/env@npm:13.1.2"
  checksum: 0b25af4a1c31b4d798fea57df05ba45c5e35b13d87a7c612532e5f25e4b800d1d61854b7f95b8064587ee5a5b43f3d33da5d914ec70c132b6ee82925d44cf18c
  languageName: node
  linkType: hard

"@next/swc-android-arm-eabi@npm:13.1.2":
  version: 13.1.2
  resolution: "@next/swc-android-arm-eabi@npm:13.1.2"
  conditions: os=android & cpu=arm
  languageName: node
  linkType: hard

"@next/swc-android-arm64@npm:13.1.2":
  version: 13.1.2
  resolution: "@next/swc-android-arm64@npm:13.1.2"
  conditions: os=android & cpu=arm64
  languageName: node
  linkType: hard

"@next/swc-darwin-arm64@npm:13.1.2":
  version: 13.1.2
  resolution: "@next/swc-darwin-arm64@npm:13.1.2"
  conditions: os=darwin & cpu=arm64
  languageName: node
  linkType: hard

"@next/swc-darwin-x64@npm:13.1.2":
  version: 13.1.2
  resolution: "@next/swc-darwin-x64@npm:13.1.2"
  conditions: os=darwin & cpu=x64
  languageName: node
  linkType: hard

"@next/swc-freebsd-x64@npm:13.1.2":
  version: 13.1.2
  resolution: "@next/swc-freebsd-x64@npm:13.1.2"
  conditions: os=freebsd & cpu=x64
  languageName: node
  linkType: hard

"@next/swc-linux-arm-gnueabihf@npm:13.1.2":
  version: 13.1.2
  resolution: "@next/swc-linux-arm-gnueabihf@npm:13.1.2"
  conditions: os=linux & cpu=arm
  languageName: node
  linkType: hard

"@next/swc-linux-arm64-gnu@npm:13.1.2":
  version: 13.1.2
  resolution: "@next/swc-linux-arm64-gnu@npm:13.1.2"
  conditions: os=linux & cpu=arm64 & libc=glibc
  languageName: node
  linkType: hard

"@next/swc-linux-arm64-musl@npm:13.1.2":
  version: 13.1.2
  resolution: "@next/swc-linux-arm64-musl@npm:13.1.2"
  conditions: os=linux & cpu=arm64 & libc=musl
  languageName: node
  linkType: hard

"@next/swc-linux-x64-gnu@npm:13.1.2":
  version: 13.1.2
  resolution: "@next/swc-linux-x64-gnu@npm:13.1.2"
  conditions: os=linux & cpu=x64 & libc=glibc
  languageName: node
  linkType: hard

"@next/swc-linux-x64-musl@npm:13.1.2":
  version: 13.1.2
  resolution: "@next/swc-linux-x64-musl@npm:13.1.2"
  conditions: os=linux & cpu=x64 & libc=musl
  languageName: node
  linkType: hard

"@next/swc-win32-arm64-msvc@npm:13.1.2":
  version: 13.1.2
  resolution: "@next/swc-win32-arm64-msvc@npm:13.1.2"
  conditions: os=win32 & cpu=arm64
  languageName: node
  linkType: hard

"@next/swc-win32-ia32-msvc@npm:13.1.2":
  version: 13.1.2
  resolution: "@next/swc-win32-ia32-msvc@npm:13.1.2"
  conditions: os=win32 & cpu=ia32
  languageName: node
  linkType: hard

"@next/swc-win32-x64-msvc@npm:13.1.2":
  version: 13.1.2
  resolution: "@next/swc-win32-x64-msvc@npm:13.1.2"
  conditions: os=win32 & cpu=x64
  languageName: node
  linkType: hard

"@swc/helpers@npm:0.4.14":
  version: 0.4.14
  resolution: "@swc/helpers@npm:0.4.14"
  dependencies:
    tslib: ^2.4.0
  checksum: 273fd3f3fc461a92f3790cc551ea054745c6d6959afbe1232e6d7aa1c722bbc114d308aab96bef5c78fc0303c85c7b472ef00e2253251cc89737f3b1af56e5a5
  languageName: node
  linkType: hard

"@types/cookie@npm:^0.5.1":
  version: 0.5.1
  resolution: "@types/cookie@npm:0.5.1"
  checksum: 9a8d60fc84797122bc399d6bd330fe5780dc7aab032321de705049ea925339f74658bfa418de483a625d51858770efef58df633ff2e20f1bdf7fbd74a52847e2
  languageName: node
  linkType: hard

"@types/node@npm:^18.8.2":
  version: 18.11.18
  resolution: "@types/node@npm:18.11.18"
  checksum: 03f17f9480f8d775c8a72da5ea7e9383db5f6d85aa5fefde90dd953a1449bd5e4ffde376f139da4f3744b4c83942166d2a7603969a6f8ea826edfb16e6e3b49d
  languageName: node
  linkType: hard

"@types/prop-types@npm:*":
  version: 15.7.5
  resolution: "@types/prop-types@npm:15.7.5"
  checksum: 5b43b8b15415e1f298243165f1d44390403bb2bd42e662bca3b5b5633fdd39c938e91b7fce3a9483699db0f7a715d08cef220c121f723a634972fdf596aec980
  languageName: node
  linkType: hard

"@types/react@npm:^18.0.24":
  version: 18.0.27
  resolution: "@types/react@npm:18.0.27"
  dependencies:
    "@types/prop-types": "*"
    "@types/scheduler": "*"
    csstype: ^3.0.2
  checksum: 600fdbc39a92ea4a77047db3e12f05f67776a710f5918248c0189a59ac2a38900c9db5a5d2e433a16df528a3ecab1aa114b322cacea573bb1ca2fc0b094c52d1
  languageName: node
  linkType: hard

"@types/scheduler@npm:*":
  version: 0.16.2
  resolution: "@types/scheduler@npm:0.16.2"
  checksum: b6b4dcfeae6deba2e06a70941860fb1435730576d3689225a421280b7742318d1548b3d22c1f66ab68e414f346a9542f29240bc955b6332c5b11e561077583bc
  languageName: node
  linkType: hard

"asynckit@npm:^0.4.0":
  version: 0.4.0
  resolution: "asynckit@npm:0.4.0"
  checksum: 7b78c451df768adba04e2d02e63e2d0bf3b07adcd6e42b4cf665cb7ce899bedd344c69a1dcbce355b5f972d597b25aaa1c1742b52cffd9caccb22f348114f6be
  languageName: node
  linkType: hard

"caniuse-lite@npm:^1.0.30001406":
  version: 1.0.30001446
  resolution: "caniuse-lite@npm:1.0.30001446"
  checksum: b31a7e1837783afd7f3d4cb742689996c0a09d67394ddaa0609fd2bce00ceea65c448e25f91c03ba0f2d0e345b7e28fd5bc636c6760c949621a654c0effe74b5
  languageName: node
  linkType: hard

"client-only@npm:0.0.1":
  version: 0.0.1
  resolution: "client-only@npm:0.0.1"
  checksum: 0c16bf660dadb90610553c1d8946a7fdfb81d624adea073b8440b7d795d5b5b08beb3c950c6a2cf16279365a3265158a236876d92bce16423c485c322d7dfaf8
  languageName: node
  linkType: hard

"combined-stream@npm:^1.0.8":
  version: 1.0.8
  resolution: "combined-stream@npm:1.0.8"
  dependencies:
    delayed-stream: ~1.0.0
  checksum: 49fa4aeb4916567e33ea81d088f6584749fc90c7abec76fd516bf1c5aa5c79f3584b5ba3de6b86d26ddd64bae5329c4c7479343250cfe71c75bb366eae53bb7c
  languageName: node
  linkType: hard

"cookie@npm:^0.5.0":
  version: 0.5.0
  resolution: "cookie@npm:0.5.0"
  checksum: 1f4bd2ca5765f8c9689a7e8954183f5332139eb72b6ff783d8947032ec1fdf43109852c178e21a953a30c0dd42257828185be01b49d1eb1a67fd054ca588a180
  languageName: node
  linkType: hard

"csstype@npm:^3.0.2":
  version: 3.1.1
  resolution: "csstype@npm:3.1.1"
  checksum: 1f7b4f5fdd955b7444b18ebdddf3f5c699159f13e9cf8ac9027ae4a60ae226aef9bbb14a6e12ca7dba3358b007cee6354b116e720262867c398de6c955ea451d
  languageName: node
  linkType: hard

"delayed-stream@npm:~1.0.0":
  version: 1.0.0
  resolution: "delayed-stream@npm:1.0.0"
  checksum: 46fe6e83e2cb1d85ba50bd52803c68be9bd953282fa7096f51fc29edd5d67ff84ff753c51966061e5ba7cb5e47ef6d36a91924eddb7f3f3483b1c560f77a0020
  languageName: node
  linkType: hard

"dotenv@npm:^16.0.3":
  version: 16.0.3
  resolution: "dotenv@npm:16.0.3"
  checksum: afcf03f373d7a6d62c7e9afea6328e62851d627a4e73f2e12d0a8deae1cd375892004f3021883f8aec85932cd2834b091f568ced92b4774625b321db83b827f8
  languageName: node
  linkType: hard

"form-data@npm:^4.0.0":
  version: 4.0.0
  resolution: "form-data@npm:4.0.0"
  dependencies:
    asynckit: ^0.4.0
    combined-stream: ^1.0.8
    mime-types: ^2.1.12
  checksum: 01135bf8675f9d5c61ff18e2e2932f719ca4de964e3be90ef4c36aacfc7b9cb2fceb5eca0b7e0190e3383fe51c5b37f4cb80b62ca06a99aaabfcfd6ac7c9328c
  languageName: node
  linkType: hard

"js-tokens@npm:^3.0.0 || ^4.0.0":
  version: 4.0.0
  resolution: "js-tokens@npm:4.0.0"
  checksum: 8a95213a5a77deb6cbe94d86340e8d9ace2b93bc367790b260101d2f36a2eaf4e4e22d9fa9cf459b38af3a32fb4190e638024cf82ec95ef708680e405ea7cc78
  languageName: node
  linkType: hard

"loose-envify@npm:^1.1.0":
  version: 1.4.0
  resolution: "loose-envify@npm:1.4.0"
  dependencies:
    js-tokens: ^3.0.0 || ^4.0.0
  bin:
    loose-envify: cli.js
  checksum: 6517e24e0cad87ec9888f500c5b5947032cdfe6ef65e1c1936a0c48a524b81e65542c9c3edc91c97d5bddc806ee2a985dbc79be89215d613b1de5db6d1cfe6f4
  languageName: node
  linkType: hard

"mime-db@npm:1.52.0":
  version: 1.52.0
  resolution: "mime-db@npm:1.52.0"
  checksum: 0d99a03585f8b39d68182803b12ac601d9c01abfa28ec56204fa330bc9f3d1c5e14beb049bafadb3dbdf646dfb94b87e24d4ec7b31b7279ef906a8ea9b6a513f
  languageName: node
  linkType: hard

"mime-types@npm:^2.1.12":
  version: 2.1.35
  resolution: "mime-types@npm:2.1.35"
  dependencies:
    mime-db: 1.52.0
  checksum: 89a5b7f1def9f3af5dad6496c5ed50191ae4331cc5389d7c521c8ad28d5fdad2d06fd81baf38fed813dc4e46bb55c8145bb0ff406330818c9cf712fb2e9b3836
  languageName: node
  linkType: hard

"miro-nextjs@workspace:.":
  version: 0.0.0-use.local
  resolution: "miro-nextjs@workspace:."
  dependencies:
    "@mirohq/miro-api": ^1.0.2
    "@mirohq/websdk-types": latest
    "@types/cookie": ^0.5.1
    "@types/node": ^18.8.2
    "@types/react": ^18.0.24
    cookie: ^0.5.0
    dotenv: ^16.0.3
    next: ^13.0.0
    react: ^18.2.0
    react-dom: ^18.2.0
    typescript: 4.8.4
  languageName: unknown
  linkType: soft

"nanoid@npm:^3.3.4":
  version: 3.3.4
  resolution: "nanoid@npm:3.3.4"
  bin:
    nanoid: bin/nanoid.cjs
  checksum: 2fddd6dee994b7676f008d3ffa4ab16035a754f4bb586c61df5a22cf8c8c94017aadd360368f47d653829e0569a92b129979152ff97af23a558331e47e37cd9c
  languageName: node
  linkType: hard

"next@npm:^13.0.0":
  version: 13.1.2
  resolution: "next@npm:13.1.2"
  dependencies:
    "@next/env": 13.1.2
    "@next/swc-android-arm-eabi": 13.1.2
    "@next/swc-android-arm64": 13.1.2
    "@next/swc-darwin-arm64": 13.1.2
    "@next/swc-darwin-x64": 13.1.2
    "@next/swc-freebsd-x64": 13.1.2
    "@next/swc-linux-arm-gnueabihf": 13.1.2
    "@next/swc-linux-arm64-gnu": 13.1.2
    "@next/swc-linux-arm64-musl": 13.1.2
    "@next/swc-linux-x64-gnu": 13.1.2
    "@next/swc-linux-x64-musl": 13.1.2
    "@next/swc-win32-arm64-msvc": 13.1.2
    "@next/swc-win32-ia32-msvc": 13.1.2
    "@next/swc-win32-x64-msvc": 13.1.2
    "@swc/helpers": 0.4.14
    caniuse-lite: ^1.0.30001406
    postcss: 8.4.14
    styled-jsx: 5.1.1
  peerDependencies:
    fibers: ">= 3.1.0"
    node-sass: ^6.0.0 || ^7.0.0
    react: ^18.2.0
    react-dom: ^18.2.0
    sass: ^1.3.0
  dependenciesMeta:
    "@next/swc-android-arm-eabi":
      optional: true
    "@next/swc-android-arm64":
      optional: true
    "@next/swc-darwin-arm64":
      optional: true
    "@next/swc-darwin-x64":
      optional: true
    "@next/swc-freebsd-x64":
      optional: true
    "@next/swc-linux-arm-gnueabihf":
      optional: true
    "@next/swc-linux-arm64-gnu":
      optional: true
    "@next/swc-linux-arm64-musl":
      optional: true
    "@next/swc-linux-x64-gnu":
      optional: true
    "@next/swc-linux-x64-musl":
      optional: true
    "@next/swc-win32-arm64-msvc":
      optional: true
    "@next/swc-win32-ia32-msvc":
      optional: true
    "@next/swc-win32-x64-msvc":
      optional: true
  peerDependenciesMeta:
    fibers:
      optional: true
    node-sass:
      optional: true
    sass:
      optional: true
  bin:
    next: dist/bin/next
  checksum: bc9aedfc70b979bb33a2190adca3719f8b0012d345a1bc44a6efac320ff599de1e39ade7ba7bae8e5f0d57ebcffb8c4ecc8b7da55565be6a59574896568f0685
  languageName: node
  linkType: hard

"node-fetch@npm:^2.6.7":
  version: 2.6.8
  resolution: "node-fetch@npm:2.6.8"
  dependencies:
    whatwg-url: ^5.0.0
  peerDependencies:
    encoding: ^0.1.0
  peerDependenciesMeta:
    encoding:
      optional: true
  checksum: 91f57be68e29f9b1382750693619e199733a6936998e6d618f1aa779853ad8fc4a2facf170db7957bf1d2510bad33449edf74b5802713d81b63de5986fa3be00
  languageName: node
  linkType: hard

"picocolors@npm:^1.0.0":
  version: 1.0.0
  resolution: "picocolors@npm:1.0.0"
  checksum: a2e8092dd86c8396bdba9f2b5481032848525b3dc295ce9b57896f931e63fc16f79805144321f72976383fc249584672a75cc18d6777c6b757603f372f745981
  languageName: node
  linkType: hard

"postcss@npm:8.4.14":
  version: 8.4.14
  resolution: "postcss@npm:8.4.14"
  dependencies:
    nanoid: ^3.3.4
    picocolors: ^1.0.0
    source-map-js: ^1.0.2
  checksum: fe58766ff32e4becf65a7d57678995cfd239df6deed2fe0557f038b47c94e4132e7e5f68b5aa820c13adfec32e523b693efaeb65798efb995ce49ccd83953816
  languageName: node
  linkType: hard

"react-dom@npm:^18.2.0":
  version: 18.2.0
  resolution: "react-dom@npm:18.2.0"
  dependencies:
    loose-envify: ^1.1.0
    scheduler: ^0.23.0
  peerDependencies:
    react: ^18.2.0
  checksum: 7d323310bea3a91be2965f9468d552f201b1c27891e45ddc2d6b8f717680c95a75ae0bc1e3f5cf41472446a2589a75aed4483aee8169287909fcd59ad149e8cc
  languageName: node
  linkType: hard

"react@npm:^18.2.0":
  version: 18.2.0
  resolution: "react@npm:18.2.0"
  dependencies:
    loose-envify: ^1.1.0
  checksum: 88e38092da8839b830cda6feef2e8505dec8ace60579e46aa5490fc3dc9bba0bd50336507dc166f43e3afc1c42939c09fe33b25fae889d6f402721dcd78fca1b
  languageName: node
  linkType: hard

"scheduler@npm:^0.23.0":
  version: 0.23.0
  resolution: "scheduler@npm:0.23.0"
  dependencies:
    loose-envify: ^1.1.0
  checksum: d79192eeaa12abef860c195ea45d37cbf2bbf5f66e3c4dcd16f54a7da53b17788a70d109ee3d3dde1a0fd50e6a8fc171f4300356c5aee4fc0171de526bf35f8a
  languageName: node
  linkType: hard

"source-map-js@npm:^1.0.2":
  version: 1.0.2
  resolution: "source-map-js@npm:1.0.2"
  checksum: c049a7fc4deb9a7e9b481ae3d424cc793cb4845daa690bc5a05d428bf41bf231ced49b4cf0c9e77f9d42fdb3d20d6187619fc586605f5eabe995a316da8d377c
  languageName: node
  linkType: hard

"styled-jsx@npm:5.1.1":
  version: 5.1.1
  resolution: "styled-jsx@npm:5.1.1"
  dependencies:
    client-only: 0.0.1
  peerDependencies:
    react: ">= 16.8.0 || 17.x.x || ^18.0.0-0"
  peerDependenciesMeta:
    "@babel/core":
      optional: true
    babel-plugin-macros:
      optional: true
  checksum: 523a33b38603492547e861b98e29c873939b04e15fbe5ef16132c6f1e15958126647983c7d4675325038b428a5e91183d996e90141b18bdd1bbadf6e2c45b2fa
  languageName: node
  linkType: hard

"tr46@npm:~0.0.3":
  version: 0.0.3
  resolution: "tr46@npm:0.0.3"
  checksum: 726321c5eaf41b5002e17ffbd1fb7245999a073e8979085dacd47c4b4e8068ff5777142fc6726d6ca1fd2ff16921b48788b87225cbc57c72636f6efa8efbffe3
  languageName: node
  linkType: hard

"tslib@npm:^2.4.0":
  version: 2.4.1
  resolution: "tslib@npm:2.4.1"
  checksum: 19480d6e0313292bd6505d4efe096a6b31c70e21cf08b5febf4da62e95c265c8f571f7b36fcc3d1a17e068032f59c269fab3459d6cd3ed6949eafecf64315fca
  languageName: node
  linkType: hard

"typescript@npm:4.6.3":
  version: 4.6.3
  resolution: "typescript@npm:4.6.3"
  bin:
    tsc: bin/tsc
    tsserver: bin/tsserver
  checksum: 255bb26c8cb846ca689dd1c3a56587af4f69055907aa2c154796ea28ee0dea871535b1c78f85a6212c77f2657843a269c3a742d09d81495b97b914bf7920415b
  languageName: node
  linkType: hard

"typescript@npm:4.8.4":
  version: 4.8.4
  resolution: "typescript@npm:4.8.4"
  bin:
    tsc: bin/tsc
    tsserver: bin/tsserver
  checksum: 3e4f061658e0c8f36c820802fa809e0fd812b85687a9a2f5430bc3d0368e37d1c9605c3ce9b39df9a05af2ece67b1d844f9f6ea8ff42819f13bcb80f85629af0
  languageName: node
  linkType: hard

"typescript@patch:typescript@4.6.3#~builtin<compat/typescript>":
  version: 4.6.3
  resolution: "typescript@patch:typescript@npm%3A4.6.3#~builtin<compat/typescript>::version=4.6.3&hash=7ad353"
  bin:
    tsc: bin/tsc
    tsserver: bin/tsserver
  checksum: 6bf45caf847062420592e711bc9c28bf5f9a9a7fa8245343b81493e4ededae33f1774009d1234d911422d1646a2c839f44e1a23ecb111b40a60ac2ea4c1482a8
  languageName: node
  linkType: hard

"typescript@patch:typescript@4.8.4#~builtin<compat/typescript>":
  version: 4.8.4
  resolution: "typescript@patch:typescript@npm%3A4.8.4#~builtin<compat/typescript>::version=4.8.4&hash=7ad353"
  bin:
    tsc: bin/tsc
    tsserver: bin/tsserver
  checksum: 563a0ef47abae6df27a9a3ab38f75fc681f633ccf1a3502b1108e252e187787893de689220f4544aaf95a371a4eb3141e4a337deb9895de5ac3c1ca76430e5f0
  languageName: node
  linkType: hard

"webidl-conversions@npm:^3.0.0":
  version: 3.0.1
  resolution: "webidl-conversions@npm:3.0.1"
  checksum: c92a0a6ab95314bde9c32e1d0a6dfac83b578f8fa5f21e675bc2706ed6981bc26b7eb7e6a1fab158e5ce4adf9caa4a0aee49a52505d4d13c7be545f15021b17c
  languageName: node
  linkType: hard

"whatwg-url@npm:^5.0.0":
  version: 5.0.0
  resolution: "whatwg-url@npm:5.0.0"
  dependencies:
    tr46: ~0.0.3
    webidl-conversions: ^3.0.0
  checksum: b8daed4ad3356cc4899048a15b2c143a9aed0dfae1f611ebd55073310c7b910f522ad75d727346ad64203d7e6c79ef25eafd465f4d12775ca44b90fa82ed9e2c
  languageName: node
  linkType: hard
